# DO NOT EDIT MANUALLY - Managed by Fern Replay
version: "1.0"
generations:
  - commit_sha: 04a38f6f507cdb3ae4c00dd6487ed631963755ca
    tree_hash: 0f886457b26d2de2bf8c7d255c5725e6211bbd8f
    timestamp: 2026-06-04T12:07:27.560Z
    cli_version: unknown
    generator_versions: {}
current_generation: 04a38f6f507cdb3ae4c00dd6487ed631963755ca
patches: []
