# DO NOT EDIT MANUALLY - Managed by Fern Replay
version: "1.0"
generations:
  - commit_sha: 7c377773942ce39a39916392ff983c3faa3f9aa7
    tree_hash: f2bfd012e4550f4fc38d867cd41009df42b54938
    timestamp: 2026-05-24T10:31:59.693Z
    cli_version: unknown
    generator_versions: {}
current_generation: 7c377773942ce39a39916392ff983c3faa3f9aa7
patches: []
