# DO NOT EDIT MANUALLY - Managed by Fern Replay
version: "1.0"
generations:
  - commit_sha: 04a38f6f507cdb3ae4c00dd6487ed631963755ca
    tree_hash: 0f886457b26d2de2bf8c7d255c5725e6211bbd8f
    timestamp: 2026-06-04T12:07:27.560Z
    cli_version: unknown
    generator_versions: {}
  - commit_sha: 3b2475a05a2d75c95369a576165c5e414bc79e14
    tree_hash: d4b91df747df1284edac03e8ddebc46f95fe4d98
    timestamp: 2026-07-12T08:13:44.436Z
    cli_version: unknown
    generator_versions:
      fernapi/fern-go-sdk: 1.1.0
current_generation: 3b2475a05a2d75c95369a576165c5e414bc79e14
patches: []
